dependencies:
- name: grafana
  repository: https://grafana.github.io/helm-charts
  version: 7.3.9
- name: loki
  repository: https://grafana.github.io/helm-charts
  version: 5.36.3
- name: opencost
  repository: https://opencost.github.io/opencost-helm-chart
  version: 1.33.3
- name: prometheus
  repository: https://prometheus-community.github.io/helm-charts
  version: 25.19.1
digest: sha256:17da27050d4d929132a812a2fcfc17f6efd1352f90bf05584d1accad698dbe1d
generated: "2024-04-18T13:59:29.786238+02:00"
