dependencies:
- name: base-single-app
  repository: file://../base-single-app
  version: 0.2.2
- name: base-single-app
  repository: file://../base-single-app
  version: 0.2.2
- name: redis
  repository: https://charts.bitnami.com/bitnami
  version: 16.13.2
digest: sha256:cd591bdfad18b05b5cc473ffd5796b630ac8e10248ae6e7ca4f0b716e78369a2
generated: "2024-10-29T16:04:11.007238-06:00"
